
Microsoft Visual Studio Solution File, Format Version 12.00
Project("{FAE04EC0-301F-11D3-BF4B-00C04F79EFBC}") = "IriTools", "IriTools\IriTools.csproj", "{266E0BE4-7C94-43EB-84E1-78D942828B97}"
EndProject
Project("{FAE04EC0-301F-11D3-BF4B-00C04F79EFBC}") = "UnitTests", "UnitTests\UnitTests.csproj", "{A95A7C87-AFC4-4560-8F5A-13529DB9129D}"
EndProject
Global
	GlobalSection(SolutionConfigurationPlatforms) = preSolution
		Debug|Any CPU = Debug|Any CPU
		Release|Any CPU = Release|Any CPU
	EndGlobalSection
	GlobalSection(ProjectConfigurationPlatforms) = postSolution
		{266E0BE4-7C94-43EB-84E1-78D942828B97}.Debug|Any CPU.ActiveCfg = Debug|Any CPU
		{266E0BE4-7C94-43EB-84E1-78D942828B97}.Debug|Any CPU.Build.0 = Debug|Any CPU
		{266E0BE4-7C94-43EB-84E1-78D942828B97}.Release|Any CPU.ActiveCfg = Release|Any CPU
		{266E0BE4-7C94-43EB-84E1-78D942828B97}.Release|Any CPU.Build.0 = Release|Any CPU
		{A95A7C87-AFC4-4560-8F5A-13529DB9129D}.Debug|Any CPU.ActiveCfg = Debug|Any CPU
		{A95A7C87-AFC4-4560-8F5A-13529DB9129D}.Debug|Any CPU.Build.0 = Debug|Any CPU
		{A95A7C87-AFC4-4560-8F5A-13529DB9129D}.Release|Any CPU.ActiveCfg = Release|Any CPU
		{A95A7C87-AFC4-4560-8F5A-13529DB9129D}.Release|Any CPU.Build.0 = Release|Any CPU
	EndGlobalSection
EndGlobal
